
Microsoft Visual Studio Solution File, Format Version 11.00
# Visual Studio 2010
Project("{FAE04EC0-301F-11D3-BF4B-00C04F79EFBC}") = "clientSimulator", "Assembly-CSharp.csproj", "{5DCFD88F-CD1F-3AC2-2F23-129BBC1816BA}"
EndProject
Project("{FAE04EC0-301F-11D3-BF4B-00C04F79EFBC}") = "clientSimulator", "Assembly-CSharp-Editor.csproj", "{1BB1EBCE-D032-853C-68D3-0E3F38B0B3CB}"
EndProject
Global
	GlobalSection(SolutionConfigurationPlatforms) = preSolution
		Debug|Any CPU = Debug|Any CPU
		Release|Any CPU = Release|Any CPU
	EndGlobalSection
	GlobalSection(ProjectConfigurationPlatforms) = postSolution
		{5DCFD88F-CD1F-3AC2-2F23-129BBC1816BA}.Debug|Any CPU.ActiveCfg = Debug|Any CPU
		{5DCFD88F-CD1F-3AC2-2F23-129BBC1816BA}.Debug|Any CPU.Build.0 = Debug|Any CPU
		{5DCFD88F-CD1F-3AC2-2F23-129BBC1816BA}.Release|Any CPU.ActiveCfg = Release|Any CPU
		{5DCFD88F-CD1F-3AC2-2F23-129BBC1816BA}.Release|Any CPU.Build.0 = Release|Any CPU
		{1BB1EBCE-D032-853C-68D3-0E3F38B0B3CB}.Debug|Any CPU.ActiveCfg = Debug|Any CPU
		{1BB1EBCE-D032-853C-68D3-0E3F38B0B3CB}.Debug|Any CPU.Build.0 = Debug|Any CPU
		{1BB1EBCE-D032-853C-68D3-0E3F38B0B3CB}.Release|Any CPU.ActiveCfg = Release|Any CPU
		{1BB1EBCE-D032-853C-68D3-0E3F38B0B3CB}.Release|Any CPU.Build.0 = Release|Any CPU
	EndGlobalSection
	GlobalSection(SolutionProperties) = preSolution
		HideSolutionNode = FALSE
	EndGlobalSection
	GlobalSection(MonoDevelopProperties) = preSolution
		StartupItem = Assembly-CSharp.csproj
	EndGlobalSection
EndGlobal
